
Microsoft Visual Studio Solution File, Format Version 10.00
# Visual Studio 2008
Project("{FAE04EC0-301F-11D3-BF4B-00C04F79EFBC}") = "VIBlend.WinForms.Utilities", "VIBlend.WinForms.Utilities.csproj", "{F912DCC3-CF58-4B89-83D1-DDDCEB5BA6D0}"
EndProject
Global
	GlobalSection(SolutionConfigurationPlatforms) = preSolution
		Debug|Any CPU = Debug|Any CPU
		Release|Any CPU = Release|Any CPU
	EndGlobalSection
	GlobalSection(ProjectConfigurationPlatforms) = postSolution
		{F912DCC3-CF58-4B89-83D1-DDDCEB5BA6D0}.Debug|Any CPU.ActiveCfg = Debug|Any CPU
		{F912DCC3-CF58-4B89-83D1-DDDCEB5BA6D0}.Debug|Any CPU.Build.0 = Debug|Any CPU
		{F912DCC3-CF58-4B89-83D1-DDDCEB5BA6D0}.Release|Any CPU.ActiveCfg = Release|Any CPU
		{F912DCC3-CF58-4B89-83D1-DDDCEB5BA6D0}.Release|Any CPU.Build.0 = Release|Any CPU
	EndGlobalSection
	GlobalSection(SolutionProperties) = preSolution
		HideSolutionNode = FALSE
	EndGlobalSection
EndGlobal
