
Microsoft Visual Studio Solution File, Format Version 12.00
# Visual Studio 2012
Project("{F184B08F-C81C-45F6-A57F-5ABD9991F28F}") = "PPS", "PPS\PPS.vbproj", "{94121FCB-87B2-4A75-B902-DC6CF6EA808F}"
EndProject
Project("{930C7802-8A8C-48F9-8165-68863BCCD9DD}") = "PPSSetup(1.0.0)", "PPS\PPSSetup\1.0.0\PPSSetup(1.0.0).wixproj", "{D9AC93E3-1EA5-464D-8110-9B0B8886CFC4}"
EndProject
Global
	GlobalSection(SolutionConfigurationPlatforms) = preSolution
		CD_ROM|Any CPU = CD_ROM|Any CPU
		CD_ROM|Mixed Platforms = CD_ROM|Mixed Platforms
		CD_ROM|Win32 = CD_ROM|Win32
		CD_ROM|x86 = CD_ROM|x86
		Debug|Any CPU = Debug|Any CPU
		Debug|Mixed Platforms = Debug|Mixed Platforms
		Debug|Win32 = Debug|Win32
		Debug|x86 = Debug|x86
		DVD-5|Any CPU = DVD-5|Any CPU
		DVD-5|Mixed Platforms = DVD-5|Mixed Platforms
		DVD-5|Win32 = DVD-5|Win32
		DVD-5|x86 = DVD-5|x86
		Release|Any CPU = Release|Any CPU
		Release|Mixed Platforms = Release|Mixed Platforms
		Release|Win32 = Release|Win32
		Release|x86 = Release|x86
		SingleImage|Any CPU = SingleImage|Any CPU
		SingleImage|Mixed Platforms = SingleImage|Mixed Platforms
		SingleImage|Win32 = SingleImage|Win32
		SingleImage|x86 = SingleImage|x86
	EndGlobalSection
	GlobalSection(ProjectConfigurationPlatforms) = postSolution
		{94121FCB-87B2-4A75-B902-DC6CF6EA808F}.CD_ROM|Any CPU.ActiveCfg = Release|Any CPU
		{94121FCB-87B2-4A75-B902-DC6CF6EA808F}.CD_ROM|Any CPU.Build.0 = Release|Any CPU
		{94121FCB-87B2-4A75-B902-DC6CF6EA808F}.CD_ROM|Mixed Platforms.ActiveCfg = Debug|Any CPU
		{94121FCB-87B2-4A75-B902-DC6CF6EA808F}.CD_ROM|Mixed Platforms.Build.0 = Debug|Any CPU
		{94121FCB-87B2-4A75-B902-DC6CF6EA808F}.CD_ROM|Win32.ActiveCfg = Debug|Any CPU
		{94121FCB-87B2-4A75-B902-DC6CF6EA808F}.CD_ROM|x86.ActiveCfg = Debug|Any CPU
		{94121FCB-87B2-4A75-B902-DC6CF6EA808F}.Debug|Any CPU.ActiveCfg = Debug|Any CPU
		{94121FCB-87B2-4A75-B902-DC6CF6EA808F}.Debug|Any CPU.Build.0 = Debug|Any CPU
		{94121FCB-87B2-4A75-B902-DC6CF6EA808F}.Debug|Mixed Platforms.ActiveCfg = Debug|Any CPU
		{94121FCB-87B2-4A75-B902-DC6CF6EA808F}.Debug|Mixed Platforms.Build.0 = Debug|Any CPU
		{94121FCB-87B2-4A75-B902-DC6CF6EA808F}.Debug|Win32.ActiveCfg = Debug|Any CPU
		{94121FCB-87B2-4A75-B902-DC6CF6EA808F}.Debug|x86.ActiveCfg = Debug|Any CPU
		{94121FCB-87B2-4A75-B902-DC6CF6EA808F}.DVD-5|Any CPU.ActiveCfg = Debug|Any CPU
		{94121FCB-87B2-4A75-B902-DC6CF6EA808F}.DVD-5|Any CPU.Build.0 = Debug|Any CPU
		{94121FCB-87B2-4A75-B902-DC6CF6EA808F}.DVD-5|Mixed Platforms.ActiveCfg = Debug|Any CPU
		{94121FCB-87B2-4A75-B902-DC6CF6EA808F}.DVD-5|Mixed Platforms.Build.0 = Debug|Any CPU
		{94121FCB-87B2-4A75-B902-DC6CF6EA808F}.DVD-5|Win32.ActiveCfg = Debug|Any CPU
		{94121FCB-87B2-4A75-B902-DC6CF6EA808F}.DVD-5|x86.ActiveCfg = Debug|Any CPU
		{94121FCB-87B2-4A75-B902-DC6CF6EA808F}.Release|Any CPU.ActiveCfg = Release|Any CPU
		{94121FCB-87B2-4A75-B902-DC6CF6EA808F}.Release|Any CPU.Build.0 = Release|Any CPU
		{94121FCB-87B2-4A75-B902-DC6CF6EA808F}.Release|Mixed Platforms.ActiveCfg = Release|Any CPU
		{94121FCB-87B2-4A75-B902-DC6CF6EA808F}.Release|Mixed Platforms.Build.0 = Release|Any CPU
		{94121FCB-87B2-4A75-B902-DC6CF6EA808F}.Release|Win32.ActiveCfg = Release|Any CPU
		{94121FCB-87B2-4A75-B902-DC6CF6EA808F}.Release|x86.ActiveCfg = Release|Any CPU
		{94121FCB-87B2-4A75-B902-DC6CF6EA808F}.SingleImage|Any CPU.ActiveCfg = Release|Any CPU
		{94121FCB-87B2-4A75-B902-DC6CF6EA808F}.SingleImage|Any CPU.Build.0 = Release|Any CPU
		{94121FCB-87B2-4A75-B902-DC6CF6EA808F}.SingleImage|Mixed Platforms.ActiveCfg = Debug|Any CPU
		{94121FCB-87B2-4A75-B902-DC6CF6EA808F}.SingleImage|Mixed Platforms.Build.0 = Debug|Any CPU
		{94121FCB-87B2-4A75-B902-DC6CF6EA808F}.SingleImage|Win32.ActiveCfg = Debug|Any CPU
		{94121FCB-87B2-4A75-B902-DC6CF6EA808F}.SingleImage|x86.ActiveCfg = Debug|Any CPU
		{D9AC93E3-1EA5-464D-8110-9B0B8886CFC4}.CD_ROM|Any CPU.ActiveCfg = Release|x86
		{D9AC93E3-1EA5-464D-8110-9B0B8886CFC4}.CD_ROM|Mixed Platforms.ActiveCfg = Release|x86
		{D9AC93E3-1EA5-464D-8110-9B0B8886CFC4}.CD_ROM|Mixed Platforms.Build.0 = Release|x86
		{D9AC93E3-1EA5-464D-8110-9B0B8886CFC4}.CD_ROM|Win32.ActiveCfg = Release|x86
		{D9AC93E3-1EA5-464D-8110-9B0B8886CFC4}.CD_ROM|Win32.Build.0 = Release|x86
		{D9AC93E3-1EA5-464D-8110-9B0B8886CFC4}.CD_ROM|x86.ActiveCfg = Release|x86
		{D9AC93E3-1EA5-464D-8110-9B0B8886CFC4}.CD_ROM|x86.Build.0 = Release|x86
		{D9AC93E3-1EA5-464D-8110-9B0B8886CFC4}.Debug|Any CPU.ActiveCfg = Debug|x86
		{D9AC93E3-1EA5-464D-8110-9B0B8886CFC4}.Debug|Mixed Platforms.ActiveCfg = Debug|x86
		{D9AC93E3-1EA5-464D-8110-9B0B8886CFC4}.Debug|Mixed Platforms.Build.0 = Debug|x86
		{D9AC93E3-1EA5-464D-8110-9B0B8886CFC4}.Debug|Win32.ActiveCfg = Debug|x86
		{D9AC93E3-1EA5-464D-8110-9B0B8886CFC4}.Debug|Win32.Build.0 = Debug|x86
		{D9AC93E3-1EA5-464D-8110-9B0B8886CFC4}.Debug|x86.ActiveCfg = Debug|x86
		{D9AC93E3-1EA5-464D-8110-9B0B8886CFC4}.Debug|x86.Build.0 = Debug|x86
		{D9AC93E3-1EA5-464D-8110-9B0B8886CFC4}.DVD-5|Any CPU.ActiveCfg = Debug|x86
		{D9AC93E3-1EA5-464D-8110-9B0B8886CFC4}.DVD-5|Mixed Platforms.ActiveCfg = Debug|x86
		{D9AC93E3-1EA5-464D-8110-9B0B8886CFC4}.DVD-5|Mixed Platforms.Build.0 = Debug|x86
		{D9AC93E3-1EA5-464D-8110-9B0B8886CFC4}.DVD-5|Win32.ActiveCfg = Debug|x86
		{D9AC93E3-1EA5-464D-8110-9B0B8886CFC4}.DVD-5|Win32.Build.0 = Debug|x86
		{D9AC93E3-1EA5-464D-8110-9B0B8886CFC4}.DVD-5|x86.ActiveCfg = Debug|x86
		{D9AC93E3-1EA5-464D-8110-9B0B8886CFC4}.DVD-5|x86.Build.0 = Debug|x86
		{D9AC93E3-1EA5-464D-8110-9B0B8886CFC4}.Release|Any CPU.ActiveCfg = Release|x86
		{D9AC93E3-1EA5-464D-8110-9B0B8886CFC4}.Release|Mixed Platforms.ActiveCfg = Release|x86
		{D9AC93E3-1EA5-464D-8110-9B0B8886CFC4}.Release|Mixed Platforms.Build.0 = Release|x86
		{D9AC93E3-1EA5-464D-8110-9B0B8886CFC4}.Release|Win32.ActiveCfg = Release|x86
		{D9AC93E3-1EA5-464D-8110-9B0B8886CFC4}.Release|Win32.Build.0 = Release|x86
		{D9AC93E3-1EA5-464D-8110-9B0B8886CFC4}.Release|x86.ActiveCfg = Release|x86
		{D9AC93E3-1EA5-464D-8110-9B0B8886CFC4}.Release|x86.Build.0 = Release|x86
		{D9AC93E3-1EA5-464D-8110-9B0B8886CFC4}.SingleImage|Any CPU.ActiveCfg = Release|x86
		{D9AC93E3-1EA5-464D-8110-9B0B8886CFC4}.SingleImage|Mixed Platforms.ActiveCfg = Release|x86
		{D9AC93E3-1EA5-464D-8110-9B0B8886CFC4}.SingleImage|Mixed Platforms.Build.0 = Release|x86
		{D9AC93E3-1EA5-464D-8110-9B0B8886CFC4}.SingleImage|Win32.ActiveCfg = Release|x86
		{D9AC93E3-1EA5-464D-8110-9B0B8886CFC4}.SingleImage|Win32.Build.0 = Release|x86
		{D9AC93E3-1EA5-464D-8110-9B0B8886CFC4}.SingleImage|x86.ActiveCfg = Release|x86
		{D9AC93E3-1EA5-464D-8110-9B0B8886CFC4}.SingleImage|x86.Build.0 = Release|x86
	EndGlobalSection
	GlobalSection(SolutionProperties) = preSolution
		HideSolutionNode = FALSE
	EndGlobalSection
EndGlobal
