
Microsoft Visual Studio Solution File, Format Version 12.00
# Visual Studio 2013
VisualStudioVersion = 12.0.21005.1
MinimumVisualStudioVersion = 10.0.40219.1
Project("{FAE04EC0-301F-11D3-BF4B-00C04F79EFBC}") = "VIBlend.WinForms.Controls", "Winforms\Controls\VIBlend.WinForms.Controls.csproj", "{31575BB8-4562-4200-B325-21DE86CED827}"
EndProject
Project("{FAE04EC0-301F-11D3-BF4B-00C04F79EFBC}") = "VIBlend.WinForms.Controls.Design", "Winforms\Controls.Design\VIBlend.WinForms.Controls.Design.csproj", "{02C14D31-7B5C-47A7-9599-9ABC323CC7AB}"
EndProject
Project("{FAE04EC0-301F-11D3-BF4B-00C04F79EFBC}") = "VIBlend.WinForms.DataGridView", "Winforms\DataGridView\VIBlend.WinForms.DataGridView.csproj", "{5AC772B1-F41F-4A3B-97E0-3E4472B2A32F}"
EndProject
Project("{FAE04EC0-301F-11D3-BF4B-00C04F79EFBC}") = "VIBlend.WinForms.Utilities", "Winforms\Utilities\VIBlend.WinForms.Utilities.csproj", "{F912DCC3-CF58-4B89-83D1-DDDCEB5BA6D0}"
EndProject
Global
	GlobalSection(SolutionConfigurationPlatforms) = preSolution
		Debug|Any CPU = Debug|Any CPU
		Release|Any CPU = Release|Any CPU
	EndGlobalSection
	GlobalSection(ProjectConfigurationPlatforms) = postSolution
		{31575BB8-4562-4200-B325-21DE86CED827}.Debug|Any CPU.ActiveCfg = Debug|Any CPU
		{31575BB8-4562-4200-B325-21DE86CED827}.Debug|Any CPU.Build.0 = Debug|Any CPU
		{31575BB8-4562-4200-B325-21DE86CED827}.Release|Any CPU.ActiveCfg = Release|Any CPU
		{31575BB8-4562-4200-B325-21DE86CED827}.Release|Any CPU.Build.0 = Release|Any CPU
		{02C14D31-7B5C-47A7-9599-9ABC323CC7AB}.Debug|Any CPU.ActiveCfg = Debug|Any CPU
		{02C14D31-7B5C-47A7-9599-9ABC323CC7AB}.Debug|Any CPU.Build.0 = Debug|Any CPU
		{02C14D31-7B5C-47A7-9599-9ABC323CC7AB}.Release|Any CPU.ActiveCfg = Release|Any CPU
		{02C14D31-7B5C-47A7-9599-9ABC323CC7AB}.Release|Any CPU.Build.0 = Release|Any CPU
		{5AC772B1-F41F-4A3B-97E0-3E4472B2A32F}.Debug|Any CPU.ActiveCfg = Debug|Any CPU
		{5AC772B1-F41F-4A3B-97E0-3E4472B2A32F}.Debug|Any CPU.Build.0 = Debug|Any CPU
		{5AC772B1-F41F-4A3B-97E0-3E4472B2A32F}.Release|Any CPU.ActiveCfg = Release|Any CPU
		{5AC772B1-F41F-4A3B-97E0-3E4472B2A32F}.Release|Any CPU.Build.0 = Release|Any CPU
		{F912DCC3-CF58-4B89-83D1-DDDCEB5BA6D0}.Debug|Any CPU.ActiveCfg = Debug|Any CPU
		{F912DCC3-CF58-4B89-83D1-DDDCEB5BA6D0}.Debug|Any CPU.Build.0 = Debug|Any CPU
		{F912DCC3-CF58-4B89-83D1-DDDCEB5BA6D0}.Release|Any CPU.ActiveCfg = Release|Any CPU
		{F912DCC3-CF58-4B89-83D1-DDDCEB5BA6D0}.Release|Any CPU.Build.0 = Release|Any CPU
	EndGlobalSection
	GlobalSection(SolutionProperties) = preSolution
		HideSolutionNode = FALSE
	EndGlobalSection
EndGlobal
